# This file is generated by running "yarn install" inside your project.
# Manual changes might be lost - proceed with caution!

__metadata:
  version: 8
  cacheKey: 10c0

"cookie@npm:^1.0.1":
  version: 1.0.2
  resolution: "cookie@npm:1.0.2"
  checksum: 10c0/fd25fe79e8fbcfcaf6aa61cd081c55d144eeeba755206c058682257cb38c4bd6795c6620de3f064c740695bb65b7949ebb1db7a95e4636efb8357a335ad3f54b
  languageName: node
  linkType: hard

"react-router-dom@npm:^7.8.2":
  version: 7.8.2
  resolution: "react-router-dom@npm:7.8.2"
  dependencies:
    react-router: "npm:7.8.2"
  peerDependencies:
    react: ">=18"
    react-dom: ">=18"
  checksum: 10c0/b285182ffa1b26df5025f6e7952edca066928d5688d3447b02e4a7e699ca16941e8a42ecad65ab505914e27fed04a2023c92ae3ebf838226b4381a2e3a69ae01
  languageName: node
  linkType: hard

"react-router@npm:7.8.2":
  version: 7.8.2
  resolution: "react-router@npm:7.8.2"
  dependencies:
    cookie: "npm:^1.0.1"
    set-cookie-parser: "npm:^2.6.0"
  peerDependencies:
    react: ">=18"
    react-dom: ">=18"
  peerDependenciesMeta:
    react-dom:
      optional: true
  checksum: 10c0/e3122c2949bcad5e9c990cfb88e9cbd139e5a2a5c1d29664732623907a488634c0ddbf673d07af8f113d418f66270c174f014de8b885996722f431d09f5734be
  languageName: node
  linkType: hard

"set-cookie-parser@npm:^2.6.0":
  version: 2.7.1
  resolution: "set-cookie-parser@npm:2.7.1"
  checksum: 10c0/060c198c4c92547ac15988256f445eae523f57f2ceefeccf52d30d75dedf6bff22b9c26f756bd44e8e560d44ff4ab2130b178bd2e52ef5571bf7be3bd7632d9a
  languageName: node
  linkType: hard

"your-project@workspace:.":
  version: 0.0.0-use.local
  resolution: "your-project@workspace:."
  dependencies:
    react-router-dom: "npm:^7.8.2"
  languageName: unknown
  linkType: soft
